
Microsoft Visual Studio Solution File, Format Version 12.00
# Visual Studio Version 16
VisualStudioVersion = 16.0.32106.194
MinimumVisualStudioVersion = 10.0.40219.1
Project("{2150E333-8FDC-42A3-9474-1A3956D46DE8}") = "src", "src", "{8DDBDDBA-3E63-4BC8-A02F-BA56E1B12835}"
EndProject
Project("{2150E333-8FDC-42A3-9474-1A3956D46DE8}") = "presentation", "presentation", "{AE79DC72-B302-4275-BE1A-400E9D2BD5DB}"
EndProject
Project("{2150E333-8FDC-42A3-9474-1A3956D46DE8}") = "test", "test", "{03812A79-3DCE-43A3-9958-35A027CCFCD1}"
EndProject
Project("{2150E333-8FDC-42A3-9474-1A3956D46DE8}") = "common", "common", "{02B9E4F9-0E6E-40A0-BB95-92F2E1A0F4E0}"
EndProject
Project("{2150E333-8FDC-42A3-9474-1A3956D46DE8}") = "core", "core", "{D3BA08E8-2B06-4B1B-81A2-53F1F64D333E}"
EndProject
Project("{2150E333-8FDC-42A3-9474-1A3956D46DE8}") = "business", "business", "{52E8E13A-9183-4E90-BCEC-50542A1CF427}"
EndProject
Project("{FAE04EC0-301F-11D3-BF4B-00C04F79EFBC}") = "INVEON.Web", "INVEON.Web\INVEON.Web.csproj", "{388E74ED-4702-4683-8624-D9EC962EC665}"
EndProject
Project("{FAE04EC0-301F-11D3-BF4B-00C04F79EFBC}") = "INVEON.Business", "INVEON.Business\INVEON.Business.csproj", "{4AAD2358-E390-477E-B2AD-B6C676FB7531}"
EndProject
Project("{FAE04EC0-301F-11D3-BF4B-00C04F79EFBC}") = "INVEON.Core", "INVEON.Core\INVEON.Core.csproj", "{051C6199-3E11-4AC9-AF93-AE31EC3AB498}"
EndProject
Project("{FAE04EC0-301F-11D3-BF4B-00C04F79EFBC}") = "INVEON.Dtos", "INVEON.Dtos\INVEON.Dtos.csproj", "{9D4E8A75-D44E-406B-B7F2-F2DF6260E03F}"
EndProject
Project("{FAE04EC0-301F-11D3-BF4B-00C04F79EFBC}") = "INVEON.Data", "INVEON.Data\INVEON.Data.csproj", "{5A2D331B-2C22-4861-819E-CF4FE1BC82F4}"
EndProject
Project("{FAE04EC0-301F-11D3-BF4B-00C04F79EFBC}") = "INVEON.Ioc", "INVEON.Ioc\INVEON.Ioc.csproj", "{D55FC9B9-2F8A-4EAF-B061-050D972E0D0F}"
EndProject
Global
	GlobalSection(SolutionConfigurationPlatforms) = preSolution
		Debug|Any CPU = Debug|Any CPU
		Release|Any CPU = Release|Any CPU
	EndGlobalSection
	GlobalSection(ProjectConfigurationPlatforms) = postSolution
		{388E74ED-4702-4683-8624-D9EC962EC665}.Debug|Any CPU.ActiveCfg = Debug|Any CPU
		{388E74ED-4702-4683-8624-D9EC962EC665}.Debug|Any CPU.Build.0 = Debug|Any CPU
		{388E74ED-4702-4683-8624-D9EC962EC665}.Release|Any CPU.ActiveCfg = Release|Any CPU
		{388E74ED-4702-4683-8624-D9EC962EC665}.Release|Any CPU.Build.0 = Release|Any CPU
		{4AAD2358-E390-477E-B2AD-B6C676FB7531}.Debug|Any CPU.ActiveCfg = Debug|Any CPU
		{4AAD2358-E390-477E-B2AD-B6C676FB7531}.Debug|Any CPU.Build.0 = Debug|Any CPU
		{4AAD2358-E390-477E-B2AD-B6C676FB7531}.Release|Any CPU.ActiveCfg = Release|Any CPU
		{4AAD2358-E390-477E-B2AD-B6C676FB7531}.Release|Any CPU.Build.0 = Release|Any CPU
		{051C6199-3E11-4AC9-AF93-AE31EC3AB498}.Debug|Any CPU.ActiveCfg = Debug|Any CPU
		{051C6199-3E11-4AC9-AF93-AE31EC3AB498}.Debug|Any CPU.Build.0 = Debug|Any CPU
		{051C6199-3E11-4AC9-AF93-AE31EC3AB498}.Release|Any CPU.ActiveCfg = Release|Any CPU
		{051C6199-3E11-4AC9-AF93-AE31EC3AB498}.Release|Any CPU.Build.0 = Release|Any CPU
		{9D4E8A75-D44E-406B-B7F2-F2DF6260E03F}.Debug|Any CPU.ActiveCfg = Debug|Any CPU
		{9D4E8A75-D44E-406B-B7F2-F2DF6260E03F}.Debug|Any CPU.Build.0 = Debug|Any CPU
		{9D4E8A75-D44E-406B-B7F2-F2DF6260E03F}.Release|Any CPU.ActiveCfg = Release|Any CPU
		{9D4E8A75-D44E-406B-B7F2-F2DF6260E03F}.Release|Any CPU.Build.0 = Release|Any CPU
		{5A2D331B-2C22-4861-819E-CF4FE1BC82F4}.Debug|Any CPU.ActiveCfg = Debug|Any CPU
		{5A2D331B-2C22-4861-819E-CF4FE1BC82F4}.Debug|Any CPU.Build.0 = Debug|Any CPU
		{5A2D331B-2C22-4861-819E-CF4FE1BC82F4}.Release|Any CPU.ActiveCfg = Release|Any CPU
		{5A2D331B-2C22-4861-819E-CF4FE1BC82F4}.Release|Any CPU.Build.0 = Release|Any CPU
		{D55FC9B9-2F8A-4EAF-B061-050D972E0D0F}.Debug|Any CPU.ActiveCfg = Debug|Any CPU
		{D55FC9B9-2F8A-4EAF-B061-050D972E0D0F}.Debug|Any CPU.Build.0 = Debug|Any CPU
		{D55FC9B9-2F8A-4EAF-B061-050D972E0D0F}.Release|Any CPU.ActiveCfg = Release|Any CPU
		{D55FC9B9-2F8A-4EAF-B061-050D972E0D0F}.Release|Any CPU.Build.0 = Release|Any CPU
	EndGlobalSection
	GlobalSection(SolutionProperties) = preSolution
		HideSolutionNode = FALSE
	EndGlobalSection
	GlobalSection(NestedProjects) = preSolution
		{AE79DC72-B302-4275-BE1A-400E9D2BD5DB} = {8DDBDDBA-3E63-4BC8-A02F-BA56E1B12835}
		{02B9E4F9-0E6E-40A0-BB95-92F2E1A0F4E0} = {8DDBDDBA-3E63-4BC8-A02F-BA56E1B12835}
		{D3BA08E8-2B06-4B1B-81A2-53F1F64D333E} = {8DDBDDBA-3E63-4BC8-A02F-BA56E1B12835}
		{52E8E13A-9183-4E90-BCEC-50542A1CF427} = {8DDBDDBA-3E63-4BC8-A02F-BA56E1B12835}
		{388E74ED-4702-4683-8624-D9EC962EC665} = {AE79DC72-B302-4275-BE1A-400E9D2BD5DB}
		{4AAD2358-E390-477E-B2AD-B6C676FB7531} = {52E8E13A-9183-4E90-BCEC-50542A1CF427}
		{051C6199-3E11-4AC9-AF93-AE31EC3AB498} = {D3BA08E8-2B06-4B1B-81A2-53F1F64D333E}
		{9D4E8A75-D44E-406B-B7F2-F2DF6260E03F} = {02B9E4F9-0E6E-40A0-BB95-92F2E1A0F4E0}
		{5A2D331B-2C22-4861-819E-CF4FE1BC82F4} = {D3BA08E8-2B06-4B1B-81A2-53F1F64D333E}
		{D55FC9B9-2F8A-4EAF-B061-050D972E0D0F} = {D3BA08E8-2B06-4B1B-81A2-53F1F64D333E}
	EndGlobalSection
	GlobalSection(ExtensibilityGlobals) = postSolution
		SolutionGuid = {C95C744F-1E4A-4CAF-B866-97E21FADD299}
	EndGlobalSection
EndGlobal
